{
  "name": "vedio_demo",
  "version": "1.0.0",
  "lockfileVersion": 1,
  "requires": true,
  "dependencies": {
    "vod-wx-sdk-v2": {
      "version": "1.0.1",
      "resolved": "https://registry.npmjs.org/vod-wx-sdk-v2/-/vod-wx-sdk-v2-1.0.1.tgz",
      "integrity": "sha512-hANi6dnQLIvsl7W3IRKUidf8xdnQz/l5VUrCARiN7bQot9py/F1irV3lH/l5XBVbh1Y/5+2Cltd3Qbdu9GBm+g=="
    }
  }
}
